
Microsoft Visual Studio Solution File, Format Version 12.00
# Visual Studio Version 16
VisualStudioVersion = 16.0.33130.400
MinimumVisualStudioVersion = 10.0.40219.1
Project("{FAE04EC0-301F-11D3-BF4B-00C04F79EFBC}") = "jbcarreon123.WebNowPlayingPlugin", "jbcarreon123.WebNowPlayingPlugin.csproj", "{89F25CAC-0AC2-427D-B4C8-9808BB54D99A}"
EndProject
Global
	GlobalSection(SolutionConfigurationPlatforms) = preSolution
		Debug|Any CPU = Debug|Any CPU
		Release|Any CPU = Release|Any CPU
	EndGlobalSection
	GlobalSection(ProjectConfigurationPlatforms) = postSolution
		{89F25CAC-0AC2-427D-B4C8-9808BB54D99A}.Debug|Any CPU.ActiveCfg = Debug|Any CPU
		{89F25CAC-0AC2-427D-B4C8-9808BB54D99A}.Debug|Any CPU.Build.0 = Debug|Any CPU
		{89F25CAC-0AC2-427D-B4C8-9808BB54D99A}.Release|Any CPU.ActiveCfg = Release|Any CPU
		{89F25CAC-0AC2-427D-B4C8-9808BB54D99A}.Release|Any CPU.Build.0 = Release|Any CPU
	EndGlobalSection
	GlobalSection(SolutionProperties) = preSolution
		HideSolutionNode = FALSE
	EndGlobalSection
	GlobalSection(ExtensibilityGlobals) = postSolution
		SolutionGuid = {BE4F35BD-F597-4F7E-964C-F752FAD45765}
	EndGlobalSection
EndGlobal
